
Microsoft Visual Studio Solution File, Format Version 12.00
# Visual Studio 15
VisualStudioVersion = 15.0.26730.12
MinimumVisualStudioVersion = 10.0.40219.1
Project("{8BC9CEB8-8B4A-11D0-8D11-00A0C91BC942}") = "test", "test\test.vcxproj", "{030AFBC4-FBCF-4B1F-9065-D84C6C58412D}"
EndProject
Global
	GlobalSection(SolutionConfigurationPlatforms) = preSolution
		Debug|x64 = Debug|x64
		Debug|x86 = Debug|x86
		Release|x64 = Release|x64
		Release|x86 = Release|x86
	EndGlobalSection
	GlobalSection(ProjectConfigurationPlatforms) = postSolution
		{030AFBC4-FBCF-4B1F-9065-D84C6C58412D}.Debug|x64.ActiveCfg = Debug|x64
		{030AFBC4-FBCF-4B1F-9065-D84C6C58412D}.Debug|x64.Build.0 = Debug|x64
		{030AFBC4-FBCF-4B1F-9065-D84C6C58412D}.Debug|x86.ActiveCfg = Debug|Win32
		{030AFBC4-FBCF-4B1F-9065-D84C6C58412D}.Debug|x86.Build.0 = Debug|Win32
		{030AFBC4-FBCF-4B1F-9065-D84C6C58412D}.Release|x64.ActiveCfg = Release|x64
		{030AFBC4-FBCF-4B1F-9065-D84C6C58412D}.Release|x64.Build.0 = Release|x64
		{030AFBC4-FBCF-4B1F-9065-D84C6C58412D}.Release|x86.ActiveCfg = Release|Win32
		{030AFBC4-FBCF-4B1F-9065-D84C6C58412D}.Release|x86.Build.0 = Release|Win32
	EndGlobalSection
	GlobalSection(SolutionProperties) = preSolution
		HideSolutionNode = FALSE
	EndGlobalSection
	GlobalSection(ExtensibilityGlobals) = postSolution
		SolutionGuid = {3D5485BA-05AD-4790-9A54-B09853890C04}
	EndGlobalSection
EndGlobal
